// !$*UTF8*$!
{
	archiveVersion = 1;
	classes = {
	};
	objectVersion = 46;
	objects = {

/* Begin PBXBuildFile section */
		321CC47D1B3D4EC694DF3ED1 /* Pods_MyInstagram.framework in Frameworks */ = {isa = PBXBuildFile; fileRef = 02ACE4EFE33BEB9AC8286429 /* Pods_MyInstagram.framework */; };
		E5224F981E58E82600BBB18B /* PostStorage.swift in Sources */ = {isa = PBXBuildFile; fileRef = E5224F971E58E82600BBB18B /* PostStorage.swift */; };
		E5564F2A1E5298910043BBCD /* AppDelegate.swift in Sources */ = {isa = PBXBuildFile; fileRef = E5564F291E5298910043BBCD /* AppDelegate.swift */; };
		E5564F2F1E5298910043BBCD /* Main.storyboard in Resources */ = {isa = PBXBuildFile; fileRef = E5564F2D1E5298910043BBCD /* Main.storyboard */; };
		E5564F311E5298910043BBCD /* Assets.xcassets in Resources */ = {isa = PBXBuildFile; fileRef = E5564F301E5298910043BBCD /* Assets.xcassets */; };
		E5564F341E5298910043BBCD /* LaunchScreen.storyboard in Resources */ = {isa = PBXBuildFile; fileRef = E5564F321E5298910043BBCD /* LaunchScreen.storyboard */; };
		E5564F3D1E52B8940043BBCD /* LoginViewController.swift in Sources */ = {isa = PBXBuildFile; fileRef = E5564F3C1E52B8940043BBCD /* LoginViewController.swift */; };
		E55D3F121E57CE3C00940E7E /* Post.swift in Sources */ = {isa = PBXBuildFile; fileRef = E55D3F111E57CE3C00940E7E /* Post.swift */; };
		E55D3F141E57D54D00940E7E /* PostsViewController.swift in Sources */ = {isa = PBXBuildFile; fileRef = E55D3F131E57D54D00940E7E /* PostsViewController.swift */; };
		E55D3F161E57DCAE00940E7E /* SignUpViewController.swift in Sources */ = {isa = PBXBuildFile; fileRef = E55D3F151E57DCAE00940E7E /* SignUpViewController.swift */; };
		E55D3F181E57DDC400940E7E /* User.swift in Sources */ = {isa = PBXBuildFile; fileRef = E55D3F171E57DDC400940E7E /* User.swift */; };
		E55D3F1E1E58235D00940E7E /* PostCell.swift in Sources */ = {isa = PBXBuildFile; fileRef = E55D3F1D1E58235D00940E7E /* PostCell.swift */; };
		E55D3F221E582FA000940E7E /* ProfileViewController.swift in Sources */ = {isa = PBXBuildFile; fileRef = E55D3F211E582FA000940E7E /* ProfileViewController.swift */; };
		E55D3F241E582FBA00940E7E /* MapViewController.swift in Sources */ = {isa = PBXBuildFile; fileRef = E55D3F231E582FBA00940E7E /* MapViewController.swift */; };
		E55D3F261E5834DD00940E7E /* CaptureTableViewController.swift in Sources */ = {isa = PBXBuildFile; fileRef = E55D3F251E5834DD00940E7E /* CaptureTableViewController.swift */; };
		E55D3F2A1E58DDC300940E7E /* Functions.swift in Sources */ = {isa = PBXBuildFile; fileRef = E55D3F291E58DDC300940E7E /* Functions.swift */; };
/* End PBXBuildFile section */

/* Begin PBXFileReference section */
		02ACE4EFE33BEB9AC8286429 /* Pods_MyInstagram.framework */ = {isa = PBXFileReference; explicitFileType = wrapper.framework; includeInIndex = 0; path = Pods_MyInstagram.framework; sourceTree = BUILT_PRODUCTS_DIR; };
		89F71E3FD897AFA7C6CB1477 /* Pods-MyInstagram.release.xcconfig */ = {isa = PBXFileReference; includeInIndex = 1; lastKnownFileType = text.xcconfig; name = "Pods-MyInstagram.release.xcconfig"; path = "Pods/Target Support Files/Pods-MyInstagram/Pods-MyInstagram.release.xcconfig"; sourceTree = "<group>"; };
		A94D165676D8032C2F40727B /* Pods-MyInstagram.debug.xcconfig */ = {isa = PBXFileReference; includeInIndex = 1; lastKnownFileType = text.xcconfig; name = "Pods-MyInstagram.debug.xcconfig"; path = "Pods/Target Support Files/Pods-MyInstagram/Pods-MyInstagram.debug.xcconfig"; sourceTree = "<group>"; };
		E5224F971E58E82600BBB18B /* PostStorage.swift */ = {isa = PBXFileReference; fileEncoding = 4; lastKnownFileType = sourcecode.swift; path = PostStorage.swift; sourceTree = "<group>"; };
		E5564F261E5298910043BBCD /* MyInstagram.app */ = {isa = PBXFileReference; explicitFileType = wrapper.application; includeInIndex = 0; path = MyInstagram.app; sourceTree = BUILT_PRODUCTS_DIR; };
		E5564F291E5298910043BBCD /* AppDelegate.swift */ = {isa = PBXFileReference; lastKnownFileType = sourcecode.swift; path = AppDelegate.swift; sourceTree = "<group>"; wrapsLines = 0; };
		E5564F2E1E5298910043BBCD /* Base */ = {isa = PBXFileReference; lastKnownFileType = file.storyboard; name = Base; path = Base.lproj/Main.storyboard; sourceTree = "<group>"; };
		E5564F301E5298910043BBCD /* Assets.xcassets */ = {isa = PBXFileReference; lastKnownFileType = folder.assetcatalog; path = Assets.xcassets; sourceTree = "<group>"; };
		E5564F331E5298910043BBCD /* Base */ = {isa = PBXFileReference; lastKnownFileType = file.storyboard; name = Base; path = Base.lproj/LaunchScreen.storyboard; sourceTree = "<group>"; };
		E5564F351E5298910043BBCD /* Info.plist */ = {isa = PBXFileReference; lastKnownFileType = text.plist.xml; path = Info.plist; sourceTree = "<group>"; };
		E5564F3C1E52B8940043BBCD /* LoginViewController.swift */ = {isa = PBXFileReference; fileEncoding = 4; lastKnownFileType = sourcecode.swift; path = LoginViewController.swift; sourceTree = "<group>"; };
		E55D3F111E57CE3C00940E7E /* Post.swift */ = {isa = PBXFileReference; fileEncoding = 4; lastKnownFileType = sourcecode.swift; path = Post.swift; sourceTree = "<group>"; };
		E55D3F131E57D54D00940E7E /* PostsViewController.swift */ = {isa = PBXFileReference; fileEncoding = 4; lastKnownFileType = sourcecode.swift; path = PostsViewController.swift; sourceTree = "<group>"; };
		E55D3F151E57DCAE00940E7E /* SignUpViewController.swift */ = {isa = PBXFileReference; fileEncoding = 4; lastKnownFileType = sourcecode.swift; path = SignUpViewController.swift; sourceTree = "<group>"; };
		E55D3F171E57DDC400940E7E /* User.swift */ = {isa = PBXFileReference; fileEncoding = 4; lastKnownFileType = sourcecode.swift; path = User.swift; sourceTree = "<group>"; };
		E55D3F1D1E58235D00940E7E /* PostCell.swift */ = {isa = PBXFileReference; fileEncoding = 4; lastKnownFileType = sourcecode.swift; path = PostCell.swift; sourceTree = "<group>"; };
		E55D3F211E582FA000940E7E /* ProfileViewController.swift */ = {isa = PBXFileReference; fileEncoding = 4; lastKnownFileType = sourcecode.swift; path = ProfileViewController.swift; sourceTree = "<group>"; };
		E55D3F231E582FBA00940E7E /* MapViewController.swift */ = {isa = PBXFileReference; fileEncoding = 4; lastKnownFileType = sourcecode.swift; path = MapViewController.swift; sourceTree = "<group>"; };
		E55D3F251E5834DD00940E7E /* CaptureTableViewController.swift */ = {isa = PBXFileReference; fileEncoding = 4; lastKnownFileType = sourcecode.swift; path = CaptureTableViewController.swift; sourceTree = "<group>"; };
		E55D3F291E58DDC300940E7E /* Functions.swift */ = {isa = PBXFileReference; fileEncoding = 4; lastKnownFileType = sourcecode.swift; path = Functions.swift; sourceTree = "<group>"; };
/* End PBXFileReference section */

/* Begin PBXFrameworksBuildPhase section */
		E5564F231E5298910043BBCD /* Frameworks */ = {
			isa = PBXFrameworksBuildPhase;
			buildActionMask = 2147483647;
			files = (
				321CC47D1B3D4EC694DF3ED1 /* Pods_MyInstagram.framework in Frameworks */,
			);
			runOnlyForDeploymentPostprocessing = 0;
		};
/* End PBXFrameworksBuildPhase section */

/* Begin PBXGroup section */
		9B3AD5720ABF72D1EA1F03EA /* Pods */ = {
			isa = PBXGroup;
			children = (
				A94D165676D8032C2F40727B /* Pods-MyInstagram.debug.xcconfig */,
				89F71E3FD897AFA7C6CB1477 /* Pods-MyInstagram.release.xcconfig */,
			);
			name = Pods;
			sourceTree = "<group>";
		};
		C96423F8ED175C3213B01E3F /* Frameworks */ = {
			isa = PBXGroup;
			children = (
				02ACE4EFE33BEB9AC8286429 /* Pods_MyInstagram.framework */,
			);
			name = Frameworks;
			sourceTree = "<group>";
		};
		E5564F1D1E5298910043BBCD = {
			isa = PBXGroup;
			children = (
				E5564F281E5298910043BBCD /* MyInstagram */,
				E5564F271E5298910043BBCD /* Products */,
				9B3AD5720ABF72D1EA1F03EA /* Pods */,
				C96423F8ED175C3213B01E3F /* Frameworks */,
			);
			sourceTree = "<group>";
		};
		E5564F271E5298910043BBCD /* Products */ = {
			isa = PBXGroup;
			children = (
				E5564F261E5298910043BBCD /* MyInstagram.app */,
			);
			name = Products;
			sourceTree = "<group>";
		};
		E5564F281E5298910043BBCD /* MyInstagram */ = {
			isa = PBXGroup;
			children = (
				E55D3F1C1E58234300940E7E /* CustomCells */,
				E55D3F101E57CE2E00940E7E /* Model */,
				E5564F3B1E52B8820043BBCD /* View Controllers */,
				E5564F291E5298910043BBCD /* AppDelegate.swift */,
				E5564F2D1E5298910043BBCD /* Main.storyboard */,
				E5564F301E5298910043BBCD /* Assets.xcassets */,
				E5564F321E5298910043BBCD /* LaunchScreen.storyboard */,
				E5564F351E5298910043BBCD /* Info.plist */,
			);
			path = MyInstagram;
			sourceTree = "<group>";
		};
		E5564F3B1E52B8820043BBCD /* View Controllers */ = {
			isa = PBXGroup;
			children = (
				E5564F3C1E52B8940043BBCD /* LoginViewController.swift */,
				E55D3F151E57DCAE00940E7E /* SignUpViewController.swift */,
				E55D3F131E57D54D00940E7E /* PostsViewController.swift */,
				E55D3F211E582FA000940E7E /* ProfileViewController.swift */,
				E55D3F231E582FBA00940E7E /* MapViewController.swift */,
				E55D3F251E5834DD00940E7E /* CaptureTableViewController.swift */,
			);
			name = "View Controllers";
			sourceTree = "<group>";
		};
		E55D3F101E57CE2E00940E7E /* Model */ = {
			isa = PBXGroup;
			children = (
				E55D3F111E57CE3C00940E7E /* Post.swift */,
				E55D3F171E57DDC400940E7E /* User.swift */,
				E55D3F291E58DDC300940E7E /* Functions.swift */,
				E5224F971E58E82600BBB18B /* PostStorage.swift */,
			);
			name = Model;
			sourceTree = "<group>";
		};
		E55D3F1C1E58234300940E7E /* CustomCells */ = {
			isa = PBXGroup;
			children = (
				E55D3F1D1E58235D00940E7E /* PostCell.swift */,
			);
			name = CustomCells;
			sourceTree = "<group>";
		};
/* End PBXGroup section */

/* Begin PBXNativeTarget section */
		E5564F251E5298910043BBCD /* MyInstagram */ = {
			isa = PBXNativeTarget;
			buildConfigurationList = E5564F381E5298910043BBCD /* Build configuration list for PBXNativeTarget "MyInstagram" */;
			buildPhases = (
				40229F0CD37024011142EC52 /* [CP] Check Pods Manifest.lock */,
				E5564F221E5298910043BBCD /* Sources */,
				E5564F231E5298910043BBCD /* Frameworks */,
				E5564F241E5298910043BBCD /* Resources */,
				769ABDEA697720CA9771E7B4 /* [CP] Embed Pods Frameworks */,
				B3B050389F84F71345E376AC /* [CP] Copy Pods Resources */,
			);
			buildRules = (
			);
			dependencies = (
			);
			name = MyInstagram;
			productName = MyInstagram;
			productReference = E5564F261E5298910043BBCD /* MyInstagram.app */;
			productType = "com.apple.product-type.application";
		};
/* End PBXNativeTarget section */

/* Begin PBXProject section */
		E5564F1E1E5298910043BBCD /* Project object */ = {
			isa = PBXProject;
			attributes = {
				LastSwiftUpdateCheck = 0820;
				LastUpgradeCheck = 0820;
				ORGANIZATIONNAME = FeiLabs;
				TargetAttributes = {
					E5564F251E5298910043BBCD = {
						CreatedOnToolsVersion = 8.2.1;
						ProvisioningStyle = Automatic;
					};
				};
			};
			buildConfigurationList = E5564F211E5298910043BBCD /* Build configuration list for PBXProject "MyInstagram" */;
			compatibilityVersion = "Xcode 3.2";
			developmentRegion = English;
			hasScannedForEncodings = 0;
			knownRegions = (
				en,
				Base,
			);
			mainGroup = E5564F1D1E5298910043BBCD;
			productRefGroup = E5564F271E5298910043BBCD /* Products */;
			projectDirPath = "";
			projectRoot = "";
			targets = (
				E5564F251E5298910043BBCD /* MyInstagram */,
			);
		};
/* End PBXProject section */

/* Begin PBXResourcesBuildPhase section */
		E5564F241E5298910043BBCD /* Resources */ = {
			isa = PBXResourcesBuildPhase;
			buildActionMask = 2147483647;
			files = (
				E5564F341E5298910043BBCD /* LaunchScreen.storyboard in Resources */,
				E5564F311E5298910043BBCD /* Assets.xcassets in Resources */,
				E5564F2F1E5298910043BBCD /* Main.storyboard in Resources */,
			);
			runOnlyForDeploymentPostprocessing = 0;
		};
/* End PBXResourcesBuildPhase section */

/* Begin PBXShellScriptBuildPhase section */
		40229F0CD37024011142EC52 /* [CP] Check Pods Manifest.lock */ = {
			isa = PBXShellScriptBuildPhase;
			buildActionMask = 2147483647;
			files = (
			);
			inputPaths = (
			);
			name = "[CP] Check Pods Manifest.lock";
			outputPaths = (
			);
			runOnlyForDeploymentPostprocessing = 0;
			shellPath = /bin/sh;
			shellScript = "diff \"${PODS_ROOT}/../Podfile.lock\" \"${PODS_ROOT}/Manifest.lock\" > /dev/null\nif [ $? != 0 ] ; then\n    # print error to STDERR\n    echo \"error: The sandbox is not in sync with the Podfile.lock. Run 'pod install' or update your CocoaPods installation.\" >&2\n    exit 1\nfi\n";
			showEnvVarsInLog = 0;
		};
		769ABDEA697720CA9771E7B4 /* [CP] Embed Pods Frameworks */ = {
			isa = PBXShellScriptBuildPhase;
			buildActionMask = 2147483647;
			files = (
			);
			inputPaths = (
			);
			name = "[CP] Embed Pods Frameworks";
			outputPaths = (
			);
			runOnlyForDeploymentPostprocessing = 0;
			shellPath = /bin/sh;
			shellScript = "\"${SRCROOT}/Pods/Target Support Files/Pods-MyInstagram/Pods-MyInstagram-frameworks.sh\"\n";
			showEnvVarsInLog = 0;
		};
		B3B050389F84F71345E376AC /* [CP] Copy Pods Resources */ = {
			isa = PBXShellScriptBuildPhase;
			buildActionMask = 2147483647;
			files = (
			);
			inputPaths = (
			);
			name = "[CP] Copy Pods Resources";
			outputPaths = (
			);
			runOnlyForDeploymentPostprocessing = 0;
			shellPath = /bin/sh;
			shellScript = "\"${SRCROOT}/Pods/Target Support Files/Pods-MyInstagram/Pods-MyInstagram-resources.sh\"\n";
			showEnvVarsInLog = 0;
		};
/* End PBXShellScriptBuildPhase section */

/* Begin PBXSourcesBuildPhase section */
		E5564F221E5298910043BBCD /* Sources */ = {
			isa = PBXSourcesBuildPhase;
			buildActionMask = 2147483647;
			files = (
				E55D3F1E1E58235D00940E7E /* PostCell.swift in Sources */,
				E55D3F141E57D54D00940E7E /* PostsViewController.swift in Sources */,
				E55D3F261E5834DD00940E7E /* CaptureTableViewController.swift in Sources */,
				E55D3F241E582FBA00940E7E /* MapViewController.swift in Sources */,
				E55D3F2A1E58DDC300940E7E /* Functions.swift in Sources */,
				E5564F3D1E52B8940043BBCD /* LoginViewController.swift in Sources */,
				E55D3F181E57DDC400940E7E /* User.swift in Sources */,
				E5224F981E58E82600BBB18B /* PostStorage.swift in Sources */,
				E5564F2A1E5298910043BBCD /* AppDelegate.swift in Sources */,
				E55D3F221E582FA000940E7E /* ProfileViewController.swift in Sources */,
				E55D3F121E57CE3C00940E7E /* Post.swift in Sources */,
				E55D3F161E57DCAE00940E7E /* SignUpViewController.swift in Sources */,
			);
			runOnlyForDeploymentPostprocessing = 0;
		};
/* End PBXSourcesBuildPhase section */

/* Begin PBXVariantGroup section */
		E5564F2D1E5298910043BBCD /* Main.storyboard */ = {
			isa = PBXVariantGroup;
			children = (
				E5564F2E1E5298910043BBCD /* Base */,
			);
			name = Main.storyboard;
			sourceTree = "<group>";
		};
		E5564F321E5298910043BBCD /* LaunchScreen.storyboard */ = {
			isa = PBXVariantGroup;
			children = (
				E5564F331E5298910043BBCD /* Base */,
			);
			name = LaunchScreen.storyboard;
			sourceTree = "<group>";
		};
/* End PBXVariantGroup section */

/* Begin XCBuildConfiguration section */
		E5564F361E5298910043BBCD /* Debug */ = {
			isa = XCBuildConfiguration;
			buildSettings = {
				ALWAYS_SEARCH_USER_PATHS = NO;
				CLANG_ANALYZER_NONNULL = YES;
				CLANG_CXX_LANGUAGE_STANDARD = "gnu++0x";
				CLANG_CXX_LIBRARY = "libc++";
				CLANG_ENABLE_MODULES = YES;
				CLANG_ENABLE_OBJC_ARC = YES;
				CLANG_WARN_BOOL_CONVERSION = YES;
				CLANG_WARN_CONSTANT_CONVERSION = YES;
				CLANG_WARN_DIRECT_OBJC_ISA_USAGE = YES_ERROR;
				CLANG_WARN_DOCUMENTATION_COMMENTS = YES;
				CLANG_WARN_EMPTY_BODY = YES;
				CLANG_WARN_ENUM_CONVERSION = YES;
				CLANG_WARN_INFINITE_RECURSION = YES;
				CLANG_WARN_INT_CONVERSION = YES;
				CLANG_WARN_OBJC_ROOT_CLASS = YES_ERROR;
				CLANG_WARN_SUSPICIOUS_MOVE = YES;
				CLANG_WARN_UNREACHABLE_CODE = YES;
				CLANG_WARN__DUPLICATE_METHOD_MATCH = YES;
				"CODE_SIGN_IDENTITY[sdk=iphoneos*]" = "iPhone Developer";
				COPY_PHASE_STRIP = NO;
				DEBUG_INFORMATION_FORMAT = dwarf;
				ENABLE_STRICT_OBJC_MSGSEND = YES;
				ENABLE_TESTABILITY = YES;
				GCC_C_LANGUAGE_STANDARD = gnu99;
				GCC_DYNAMIC_NO_PIC = NO;
				GCC_NO_COMMON_BLOCKS = YES;
				GCC_OPTIMIZATION_LEVEL = 0;
				GCC_PREPROCESSOR_DEFINITIONS = (
					"DEBUG=1",
					"$(inherited)",
				);
				GCC_WARN_64_TO_32_BIT_CONVERSION = YES;
				GCC_WARN_ABOUT_RETURN_TYPE = YES_ERROR;
				GCC_WARN_UNDECLARED_SELECTOR = YES;
				GCC_WARN_UNINITIALIZED_AUTOS = YES_AGGRESSIVE;
				GCC_WARN_UNUSED_FUNCTION = YES;
				GCC_WARN_UNUSED_VARIABLE = YES;
				IPHONEOS_DEPLOYMENT_TARGET = 10.2;
				MTL_ENABLE_DEBUG_INFO = YES;
				ONLY_ACTIVE_ARCH = YES;
				SDKROOT = iphoneos;
				SWIFT_ACTIVE_COMPILATION_CONDITIONS = DEBUG;
				SWIFT_OPTIMIZATION_LEVEL = "-Onone";
			};
			name = Debug;
		};
		E5564F371E5298910043BBCD /* Release */ = {
			isa = XCBuildConfiguration;
			buildSettings = {
				ALWAYS_SEARCH_USER_PATHS = NO;
				CLANG_ANALYZER_NONNULL = YES;
				CLANG_CXX_LANGUAGE_STANDARD = "gnu++0x";
				CLANG_CXX_LIBRARY = "libc++";
				CLANG_ENABLE_MODULES = YES;
				CLANG_ENABLE_OBJC_ARC = YES;
				CLANG_WARN_BOOL_CONVERSION = YES;
				CLANG_WARN_CONSTANT_CONVERSION = YES;
				CLANG_WARN_DIRECT_OBJC_ISA_USAGE = YES_ERROR;
				CLANG_WARN_DOCUMENTATION_COMMENTS = YES;
				CLANG_WARN_EMPTY_BODY = YES;
				CLANG_WARN_ENUM_CONVERSION = YES;
				CLANG_WARN_INFINITE_RECURSION = YES;
				CLANG_WARN_INT_CONVERSION = YES;
				CLANG_WARN_OBJC_ROOT_CLASS = YES_ERROR;
				CLANG_WARN_SUSPICIOUS_MOVE = YES;
				CLANG_WARN_UNREACHABLE_CODE = YES;
				CLANG_WARN__DUPLICATE_METHOD_MATCH = YES;
				"CODE_SIGN_IDENTITY[sdk=iphoneos*]" = "iPhone Developer";
				COPY_PHASE_STRIP = NO;
				DEBUG_INFORMATION_FORMAT = "dwarf-with-dsym";
				ENABLE_NS_ASSERTIONS = NO;
				ENABLE_STRICT_OBJC_MSGSEND = YES;
				GCC_C_LANGUAGE_STANDARD = gnu99;
				GCC_NO_COMMON_BLOCKS = YES;
				GCC_WARN_64_TO_32_BIT_CONVERSION = YES;
				GCC_WARN_ABOUT_RETURN_TYPE = YES_ERROR;
				GCC_WARN_UNDECLARED_SELECTOR = YES;
				GCC_WARN_UNINITIALIZED_AUTOS = YES_AGGRESSIVE;
				GCC_WARN_UNUSED_FUNCTION = YES;
				GCC_WARN_UNUSED_VARIABLE = YES;
				IPHONEOS_DEPLOYMENT_TARGET = 10.2;
				MTL_ENABLE_DEBUG_INFO = NO;
				SDKROOT = iphoneos;
				SWIFT_OPTIMIZATION_LEVEL = "-Owholemodule";
				VALIDATE_PRODUCT = YES;
			};
			name = Release;
		};
		E5564F391E5298910043BBCD /* Debug */ = {
			isa = XCBuildConfiguration;
			baseConfigurationReference = A94D165676D8032C2F40727B /* Pods-MyInstagram.debug.xcconfig */;
			buildSettings = {
				ASSETCATALOG_COMPILER_APPICON_NAME = AppIcon;
				INFOPLIST_FILE = MyInstagram/Info.plist;
				LD_RUNPATH_SEARCH_PATHS = "$(inherited) @executable_path/Frameworks";
				PRODUCT_BUNDLE_IDENTIFIER = feiLabs.com.MyInstagram;
				PRODUCT_NAME = "$(TARGET_NAME)";
				SWIFT_VERSION = 3.0;
			};
			name = Debug;
		};
		E5564F3A1E5298910043BBCD /* Release */ = {
			isa = XCBuildConfiguration;
			baseConfigurationReference = 89F71E3FD897AFA7C6CB1477 /* Pods-MyInstagram.release.xcconfig */;
			buildSettings = {
				ASSETCATALOG_COMPILER_APPICON_NAME = AppIcon;
				INFOPLIST_FILE = MyInstagram/Info.plist;
				LD_RUNPATH_SEARCH_PATHS = "$(inherited) @executable_path/Frameworks";
				PRODUCT_BUNDLE_IDENTIFIER = feiLabs.com.MyInstagram;
				PRODUCT_NAME = "$(TARGET_NAME)";
				SWIFT_VERSION = 3.0;
			};
			name = Release;
		};
/* End XCBuildConfiguration section */

/* Begin XCConfigurationList section */
		E5564F211E5298910043BBCD /* Build configuration list for PBXProject "MyInstagram" */ = {
			isa = XCConfigurationList;
			buildConfigurations = (
				E5564F361E5298910043BBCD /* Debug */,
				E5564F371E5298910043BBCD /* Release */,
			);
			defaultConfigurationIsVisible = 0;
			defaultConfigurationName = Release;
		};
		E5564F381E5298910043BBCD /* Build configuration list for PBXNativeTarget "MyInstagram" */ = {
			isa = XCConfigurationList;
			buildConfigurations = (
				E5564F391E5298910043BBCD /* Debug */,
				E5564F3A1E5298910043BBCD /* Release */,
			);
			defaultConfigurationIsVisible = 0;
			defaultConfigurationName = Release;
		};
/* End XCConfigurationList section */
	};
	rootObject = E5564F1E1E5298910043BBCD /* Project object */;
}
